filippo.io/edwards25519 v1.1.0 h1:FNf4tywRC1HmFuKW5xopWpigGjJKiJSV0Cqo0cJWDaA=
filippo.io/edwards25519 v1.1.0/go.mod h1:BxyFTGdWcka3PhytdK4V28tE5sGfRvvvRV7EaN4VDT4=
github.com/go-sql-driver/mysql v1.9.3 h1:U/N249h2WzJ3Ukj8SowVFjdtZKfu9vlLZxjPXV1aweo=
github.com/go-sql-driver/mysql v1.9.3/go.mod h1:qn46aNg1333BRMNU69Lq93t8du/dwxI64Gl8i5p1WMU=
github.com/resend/resend-go/v2 v2.28.0 h1:ttM1/VZR4fApBv3xI1TneSKi1pbfFsVrq7fXFlHKtj4=
github.com/resend/resend-go/v2 v2.28.0/go.mod h1:3YCb8c8+pLiqhtRFXTyFwlLvfjQtluxOr9HEh2BwCkQ=
